
Microsoft Visual Studio Solution File, Format Version 12.00
# Visual Studio Version 18
VisualStudioVersion = 18.2.11408.102 d18.0
MinimumVisualStudioVersion = 10.0.40219.1
Project("{FAE04EC0-301F-11D3-BF4B-00C04F79EFBC}") = "AutomatedTestingFramework", "AutomatedTestingFramework\AutomatedTestingFramework.csproj", "{9CE91E6E-AFC1-49A0-83E1-CACF61E93F33}"
EndProject
Project("{FAE04EC0-301F-11D3-BF4B-00C04F79EFBC}") = "Print", "Print\Print.csproj", "{639C242E-95B6-430D-9A88-FBEE3C684FB2}"
EndProject
Global
	GlobalSection(SolutionConfigurationPlatforms) = preSolution
		Debug|Any CPU = Debug|Any CPU
		Release|Any CPU = Release|Any CPU
	EndGlobalSection
	GlobalSection(ProjectConfigurationPlatforms) = postSolution
		{9CE91E6E-AFC1-49A0-83E1-CACF61E93F33}.Debug|Any CPU.ActiveCfg = Debug|Any CPU
		{9CE91E6E-AFC1-49A0-83E1-CACF61E93F33}.Debug|Any CPU.Build.0 = Debug|Any CPU
		{9CE91E6E-AFC1-49A0-83E1-CACF61E93F33}.Release|Any CPU.ActiveCfg = Release|Any CPU
		{9CE91E6E-AFC1-49A0-83E1-CACF61E93F33}.Release|Any CPU.Build.0 = Release|Any CPU
		{639C242E-95B6-430D-9A88-FBEE3C684FB2}.Debug|Any CPU.ActiveCfg = Debug|Any CPU
		{639C242E-95B6-430D-9A88-FBEE3C684FB2}.Debug|Any CPU.Build.0 = Debug|Any CPU
		{639C242E-95B6-430D-9A88-FBEE3C684FB2}.Release|Any CPU.ActiveCfg = Release|Any CPU
		{639C242E-95B6-430D-9A88-FBEE3C684FB2}.Release|Any CPU.Build.0 = Release|Any CPU
	EndGlobalSection
	GlobalSection(SolutionProperties) = preSolution
		HideSolutionNode = FALSE
	EndGlobalSection
	GlobalSection(ExtensibilityGlobals) = postSolution
		SolutionGuid = {53BBD8B4-20F6-445E-8B7A-9E5323D6AF7A}
	EndGlobalSection
EndGlobal
