
Microsoft Visual Studio Solution File, Format Version 12.00
# 
Project("{FAE04EC0-301F-11D3-BF4B-00C04F79EFBC}") = "AutomatedTestingFramework", "AutomatedTestingFramework\AutomatedTestingFramework.csproj", "{9CE91E6E-AFC1-49A0-83E1-CACF61E93F33}"
EndProject
Project("{FAE04EC0-301F-11D3-BF4B-00C04F79EFBC}") = "NumberPrinterApp", "NumberPrinterApp\NumberPrinterApp.csproj", "{1FB90C73-7A3C-495F-B91C-AE50DDA366E6}"
EndProject
Global
	GlobalSection(SolutionConfigurationPlatforms) = preSolution
		Debug|Any CPU = Debug|Any CPU
		Release|Any CPU = Release|Any CPU
	EndGlobalSection
	GlobalSection(ProjectConfigurationPlatforms) = postSolution
		{9CE91E6E-AFC1-49A0-83E1-CACF61E93F33}.Debug|Any CPU.ActiveCfg = Debug|Any CPU
		{9CE91E6E-AFC1-49A0-83E1-CACF61E93F33}.Debug|Any CPU.Build.0 = Debug|Any CPU
		{9CE91E6E-AFC1-49A0-83E1-CACF61E93F33}.Release|Any CPU.ActiveCfg = Release|Any CPU
		{9CE91E6E-AFC1-49A0-83E1-CACF61E93F33}.Release|Any CPU.Build.0 = Release|Any CPU
		{1FB90C73-7A3C-495F-B91C-AE50DDA366E6}.Debug|Any CPU.ActiveCfg = Debug|Any CPU
		{1FB90C73-7A3C-495F-B91C-AE50DDA366E6}.Debug|Any CPU.Build.0 = Debug|Any CPU
		{1FB90C73-7A3C-495F-B91C-AE50DDA366E6}.Release|Any CPU.ActiveCfg = Release|Any CPU
		{1FB90C73-7A3C-495F-B91C-AE50DDA366E6}.Release|Any CPU.Build.0 = Release|Any CPU
	EndGlobalSection
EndGlobal
